
Microsoft Visual Studio Solution File, Format Version 12.00
# Visual Studio Version 17
VisualStudioVersion = 17.7.34031.279
MinimumVisualStudioVersion = 10.0.40219.1
Project("{FAE04EC0-301F-11D3-BF4B-00C04F79EFBC}") = "KtraFE", "KtraFE\KtraFE.csproj", "{0959D875-2F9D-470B-8588-F06CF58E6684}"
EndProject
Global
	GlobalSection(SolutionConfigurationPlatforms) = preSolution
		Debug|Any CPU = Debug|Any CPU
		Release|Any CPU = Release|Any CPU
	EndGlobalSection
	GlobalSection(ProjectConfigurationPlatforms) = postSolution
		{0959D875-2F9D-470B-8588-F06CF58E6684}.Debug|Any CPU.ActiveCfg = Debug|Any CPU
		{0959D875-2F9D-470B-8588-F06CF58E6684}.Debug|Any CPU.Build.0 = Debug|Any CPU
		{0959D875-2F9D-470B-8588-F06CF58E6684}.Release|Any CPU.ActiveCfg = Release|Any CPU
		{0959D875-2F9D-470B-8588-F06CF58E6684}.Release|Any CPU.Build.0 = Release|Any CPU
	EndGlobalSection
	GlobalSection(SolutionProperties) = preSolution
		HideSolutionNode = FALSE
	EndGlobalSection
	GlobalSection(ExtensibilityGlobals) = postSolution
		SolutionGuid = {64ED5CE4-2F44-4729-9EAF-A31DD599745A}
	EndGlobalSection
EndGlobal
